// !$*UTF8*$!
{
	archiveVersion = 1;
	classes = {
	};
	objectVersion = 46;
	objects = {

/* Begin PBXBuildFile section */
		ECFA11AD1B6DFDE800124114 /* AppDelegate.swift in Sources */ = {isa = PBXBuildFile; fileRef = ECFA11AC1B6DFDE800124114 /* AppDelegate.swift */; };
		ECFA11AF1B6DFDE800124114 /* ViewController.swift in Sources */ = {isa = PBXBuildFile; fileRef = ECFA11AE1B6DFDE800124114 /* ViewController.swift */; };
		ECFA11B21B6DFDE800124114 /* Main.storyboard in Resources */ = {isa = PBXBuildFile; fileRef = ECFA11B01B6DFDE800124114 /* Main.storyboard */; };
		ECFA11B51B6DFDE800124114 /* Simple_Music.xcdatamodeld in Sources */ = {isa = PBXBuildFile; fileRef = ECFA11B31B6DFDE800124114 /* Simple_Music.xcdatamodeld */; };
		ECFA11B71B6DFDE800124114 /* Assets.xcassets in Resources */ = {isa = PBXBuildFile; fileRef = ECFA11B61B6DFDE800124114 /* Assets.xcassets */; };
		ECFA11BA1B6DFDE800124114 /* LaunchScreen.storyboard in Resources */ = {isa = PBXBuildFile; fileRef = ECFA11B81B6DFDE800124114 /* LaunchScreen.storyboard */; };
/* End PBXBuildFile section */

/* Begin PBXFileReference section */
		ECFA11A91B6DFDE800124114 /* Simple Music.app */ = {isa = PBXFileReference; explicitFileType = wrapper.application; includeInIndex = 0; path = "Simple Music.app"; sourceTree = BUILT_PRODUCTS_DIR; };
		ECFA11AC1B6DFDE800124114 /* AppDelegate.swift */ = {isa = PBXFileReference; lastKnownFileType = sourcecode.swift; path = AppDelegate.swift; sourceTree = "<group>"; };
		ECFA11AE1B6DFDE800124114 /* ViewController.swift */ = {isa = PBXFileReference; lastKnownFileType = sourcecode.swift; path = ViewController.swift; sourceTree = "<group>"; };
		ECFA11B11B6DFDE800124114 /* Base */ = {isa = PBXFileReference; lastKnownFileType = file.storyboard; name = Base; path = Base.lproj/Main.storyboard; sourceTree = "<group>"; };
		ECFA11B41B6DFDE800124114 /* Simple_Music.xcdatamodel */ = {isa = PBXFileReference; lastKnownFileType = wrapper.xcdatamodel; path = Simple_Music.xcdatamodel; sourceTree = "<group>"; };
		ECFA11B61B6DFDE800124114 /* Assets.xcassets */ = {isa = PBXFileReference; lastKnownFileType = folder.assetcatalog; path = Assets.xcassets; sourceTree = "<group>"; };
		ECFA11B91B6DFDE800124114 /* Base */ = {isa = PBXFileReference; lastKnownFileType = file.storyboard; name = Base; path = Base.lproj/LaunchScreen.storyboard; sourceTree = "<group>"; };
		ECFA11BB1B6DFDE800124114 /* Info.plist */ = {isa = PBXFileReference; lastKnownFileType = text.plist.xml; path = Info.plist; sourceTree = "<group>"; };
/* End PBXFileReference section */

/* Begin PBXFrameworksBuildPhase section */
		ECFA11A61B6DFDE800124114 /* Frameworks */ = {
			isa = PBXFrameworksBuildPhase;
			buildActionMask = 2147483647;
			files = (
			);
			runOnlyForDeploymentPostprocessing = 0;
		};
/* End PBXFrameworksBuildPhase section */

/* Begin PBXGroup section */
		ECFA11A01B6DFDE800124114 = {
			isa = PBXGroup;
			children = (
				ECFA11AB1B6DFDE800124114 /* Simple Music */,
				ECFA11AA1B6DFDE800124114 /* Products */,
			);
			sourceTree = "<group>";
		};
		ECFA11AA1B6DFDE800124114 /* Products */ = {
			isa = PBXGroup;
			children = (
				ECFA11A91B6DFDE800124114 /* Simple Music.app */,
			);
			name = Products;
			sourceTree = "<group>";
		};
		ECFA11AB1B6DFDE800124114 /* Simple Music */ = {
			isa = PBXGroup;
			children = (
				ECFA11AC1B6DFDE800124114 /* AppDelegate.swift */,
				ECFA11AE1B6DFDE800124114 /* ViewController.swift */,
				ECFA11B01B6DFDE800124114 /* Main.storyboard */,
				ECFA11B61B6DFDE800124114 /* Assets.xcassets */,
				ECFA11B81B6DFDE800124114 /* LaunchScreen.storyboard */,
				ECFA11BB1B6DFDE800124114 /* Info.plist */,
				ECFA11B31B6DFDE800124114 /* Simple_Music.xcdatamodeld */,
			);
			path = "Simple Music";
			sourceTree = "<group>";
		};
/* End PBXGroup section */

/* Begin PBXNativeTarget section */
		ECFA11A81B6DFDE800124114 /* Simple Music */ = {
			isa = PBXNativeTarget;
			buildConfigurationList = ECFA11BE1B6DFDE800124114 /* Build configuration list for PBXNativeTarget "Simple Music" */;
			buildPhases = (
				ECFA11A51B6DFDE800124114 /* Sources */,
				ECFA11A61B6DFDE800124114 /* Frameworks */,
				ECFA11A71B6DFDE800124114 /* Resources */,
			);
			buildRules = (
			);
			dependencies = (
			);
			name = "Simple Music";
			productName = "Simple Music";
			productReference = ECFA11A91B6DFDE800124114 /* Simple Music.app */;
			productType = "com.apple.product-type.application";
		};
/* End PBXNativeTarget section */

/* Begin PBXProject section */
		ECFA11A11B6DFDE800124114 /* Project object */ = {
			isa = PBXProject;
			attributes = {
				LastUpgradeCheck = 0700;
				ORGANIZATIONNAME = "Atharva Vaidya";
				TargetAttributes = {
					ECFA11A81B6DFDE800124114 = {
						CreatedOnToolsVersion = 7.0;
					};
				};
			};
			buildConfigurationList = ECFA11A41B6DFDE800124114 /* Build configuration list for PBXProject "Simple Music" */;
			compatibilityVersion = "Xcode 3.2";
			developmentRegion = English;
			hasScannedForEncodings = 0;
			knownRegions = (
				en,
				Base,
			);
			mainGroup = ECFA11A01B6DFDE800124114;
			productRefGroup = ECFA11AA1B6DFDE800124114 /* Products */;
			projectDirPath = "";
			projectRoot = "";
			targets = (
				ECFA11A81B6DFDE800124114 /* Simple Music */,
			);
		};
/* End PBXProject section */

/* Begin PBXResourcesBuildPhase section */
		ECFA11A71B6DFDE800124114 /* Resources */ = {
			isa = PBXResourcesBuildPhase;
			buildActionMask = 2147483647;
			files = (
				ECFA11BA1B6DFDE800124114 /* LaunchScreen.storyboard in Resources */,
				ECFA11B71B6DFDE800124114 /* Assets.xcassets in Resources */,
				ECFA11B21B6DFDE800124114 /* Main.storyboard in Resources */,
			);
			runOnlyForDeploymentPostprocessing = 0;
		};
/* End PBXResourcesBuildPhase section */

/* Begin PBXSourcesBuildPhase section */
		ECFA11A51B6DFDE800124114 /* Sources */ = {
			isa = PBXSourcesBuildPhase;
			buildActionMask = 2147483647;
			files = (
				ECFA11B51B6DFDE800124114 /* Simple_Music.xcdatamodeld in Sources */,
				ECFA11AF1B6DFDE800124114 /* ViewController.swift in Sources */,
				ECFA11AD1B6DFDE800124114 /* AppDelegate.swift in Sources */,
			);
			runOnlyForDeploymentPostprocessing = 0;
		};
/* End PBXSourcesBuildPhase section */

/* Begin PBXVariantGroup section */
		ECFA11B01B6DFDE800124114 /* Main.storyboard */ = {
			isa = PBXVariantGroup;
			children = (
				ECFA11B11B6DFDE800124114 /* Base */,
			);
			name = Main.storyboard;
			sourceTree = "<group>";
		};
		ECFA11B81B6DFDE800124114 /* LaunchScreen.storyboard */ = {
			isa = PBXVariantGroup;
			children = (
				ECFA11B91B6DFDE800124114 /* Base */,
			);
			name = LaunchScreen.storyboard;
			sourceTree = "<group>";
		};
/* End PBXVariantGroup section */

/* Begin XCBuildConfiguration section */
		ECFA11BC1B6DFDE800124114 /* Debug */ = {
			isa = XCBuildConfiguration;
			buildSettings = {
				ALWAYS_SEARCH_USER_PATHS = NO;
				CLANG_CXX_LANGUAGE_STANDARD = "gnu++0x";
				CLANG_CXX_LIBRARY = "libc++";
				CLANG_ENABLE_MODULES = YES;
				CLANG_ENABLE_OBJC_ARC = YES;
				CLANG_WARN_BOOL_CONVERSION = YES;
				CLANG_WARN_CONSTANT_CONVERSION = YES;
				CLANG_WARN_DIRECT_OBJC_ISA_USAGE = YES_ERROR;
				CLANG_WARN_EMPTY_BODY = YES;
				CLANG_WARN_ENUM_CONVERSION = YES;
				CLANG_WARN_INT_CONVERSION = YES;
				CLANG_WARN_OBJC_ROOT_CLASS = YES_ERROR;
				CLANG_WARN_UNREACHABLE_CODE = YES;
				CLANG_WARN__DUPLICATE_METHOD_MATCH = YES;
				"CODE_SIGN_IDENTITY[sdk=iphoneos*]" = "iPhone Developer";
				COPY_PHASE_STRIP = NO;
				DEBUG_INFORMATION_FORMAT = dwarf;
				ENABLE_STRICT_OBJC_MSGSEND = YES;
				ENABLE_TESTABILITY = YES;
				GCC_C_LANGUAGE_STANDARD = gnu99;
				GCC_DYNAMIC_NO_PIC = NO;
				GCC_NO_COMMON_BLOCKS = YES;
				GCC_OPTIMIZATION_LEVEL = 0;
				GCC_PREPROCESSOR_DEFINITIONS = (
					"DEBUG=1",
					"$(inherited)",
				);
				GCC_WARN_64_TO_32_BIT_CONVERSION = YES;
				GCC_WARN_ABOUT_RETURN_TYPE = YES_ERROR;
				GCC_WARN_UNDECLARED_SELECTOR = YES;
				GCC_WARN_UNINITIALIZED_AUTOS = YES_AGGRESSIVE;
				GCC_WARN_UNUSED_FUNCTION = YES;
				GCC_WARN_UNUSED_VARIABLE = YES;
				IPHONEOS_DEPLOYMENT_TARGET = 9.0;
				MTL_ENABLE_DEBUG_INFO = YES;
				ONLY_ACTIVE_ARCH = YES;
				SDKROOT = iphoneos;
				SWIFT_OPTIMIZATION_LEVEL = "-Onone";
				TARGETED_DEVICE_FAMILY = "1,2";
			};
			name = Debug;
		};
		ECFA11BD1B6DFDE800124114 /* Release */ = {
			isa = XCBuildConfiguration;
			buildSettings = {
				ALWAYS_SEARCH_USER_PATHS = NO;
				CLANG_CXX_LANGUAGE_STANDARD = "gnu++0x";
				CLANG_CXX_LIBRARY = "libc++";
				CLANG_ENABLE_MODULES = YES;
				CLANG_ENABLE_OBJC_ARC = YES;
				CLANG_WARN_BOOL_CONVERSION = YES;
				CLANG_WARN_CONSTANT_CONVERSION = YES;
				CLANG_WARN_DIRECT_OBJC_ISA_USAGE = YES_ERROR;
				CLANG_WARN_EMPTY_BODY = YES;
				CLANG_WARN_ENUM_CONVERSION = YES;
				CLANG_WARN_INT_CONVERSION = YES;
				CLANG_WARN_OBJC_ROOT_CLASS = YES_ERROR;
				CLANG_WARN_UNREACHABLE_CODE = YES;
				CLANG_WARN__DUPLICATE_METHOD_MATCH = YES;
				"CODE_SIGN_IDENTITY[sdk=iphoneos*]" = "iPhone Developer";
				COPY_PHASE_STRIP = NO;
				DEBUG_INFORMATION_FORMAT = "dwarf-with-dsym";
				ENABLE_NS_ASSERTIONS = NO;
				ENABLE_STRICT_OBJC_MSGSEND = YES;
				GCC_C_LANGUAGE_STANDARD = gnu99;
				GCC_NO_COMMON_BLOCKS = YES;
				GCC_WARN_64_TO_32_BIT_CONVERSION = YES;
				GCC_WARN_ABOUT_RETURN_TYPE = YES_ERROR;
				GCC_WARN_UNDECLARED_SELECTOR = YES;
				GCC_WARN_UNINITIALIZED_AUTOS = YES_AGGRESSIVE;
				GCC_WARN_UNUSED_FUNCTION = YES;
				GCC_WARN_UNUSED_VARIABLE = YES;
				IPHONEOS_DEPLOYMENT_TARGET = 9.0;
				MTL_ENABLE_DEBUG_INFO = NO;
				SDKROOT = iphoneos;
				TARGETED_DEVICE_FAMILY = "1,2";
				VALIDATE_PRODUCT = YES;
			};
			name = Release;
		};
		ECFA11BF1B6DFDE800124114 /* Debug */ = {
			isa = XCBuildConfiguration;
			buildSettings = {
				ASSETCATALOG_COMPILER_APPICON_NAME = AppIcon;
				INFOPLIST_FILE = "Simple Music/Info.plist";
				LD_RUNPATH_SEARCH_PATHS = "$(inherited) @executable_path/Frameworks";
				PRODUCT_BUNDLE_IDENTIFIER = "com.Atharva.Simple-Music";
				PRODUCT_NAME = "$(TARGET_NAME)";
			};
			name = Debug;
		};
		ECFA11C01B6DFDE800124114 /* Release */ = {
			isa = XCBuildConfiguration;
			buildSettings = {
				ASSETCATALOG_COMPILER_APPICON_NAME = AppIcon;
				INFOPLIST_FILE = "Simple Music/Info.plist";
				LD_RUNPATH_SEARCH_PATHS = "$(inherited) @executable_path/Frameworks";
				PRODUCT_BUNDLE_IDENTIFIER = "com.Atharva.Simple-Music";
				PRODUCT_NAME = "$(TARGET_NAME)";
			};
			name = Release;
		};
/* End XCBuildConfiguration section */

/* Begin XCConfigurationList section */
		ECFA11A41B6DFDE800124114 /* Build configuration list for PBXProject "Simple Music" */ = {
			isa = XCConfigurationList;
			buildConfigurations = (
				ECFA11BC1B6DFDE800124114 /* Debug */,
				ECFA11BD1B6DFDE800124114 /* Release */,
			);
			defaultConfigurationIsVisible = 0;
			defaultConfigurationName = Release;
		};
		ECFA11BE1B6DFDE800124114 /* Build configuration list for PBXNativeTarget "Simple Music" */ = {
			isa = XCConfigurationList;
			buildConfigurations = (
				ECFA11BF1B6DFDE800124114 /* Debug */,
				ECFA11C01B6DFDE800124114 /* Release */,
			);
			defaultConfigurationIsVisible = 0;
		};
/* End XCConfigurationList section */

/* Begin XCVersionGroup section */
		ECFA11B31B6DFDE800124114 /* Simple_Music.xcdatamodeld */ = {
			isa = XCVersionGroup;
			children = (
				ECFA11B41B6DFDE800124114 /* Simple_Music.xcdatamodel */,
			);
			currentVersion = ECFA11B41B6DFDE800124114 /* Simple_Music.xcdatamodel */;
			path = Simple_Music.xcdatamodeld;
			sourceTree = "<group>";
			versionGroupType = wrapper.xcdatamodel;
		};
/* End XCVersionGroup section */
	};
	rootObject = ECFA11A11B6DFDE800124114 /* Project object */;
}
